
Microsoft Visual Studio Solution File, Format Version 12.00
# Visual Studio 15
VisualStudioVersion = 15.0.28010.2036
MinimumVisualStudioVersion = 10.0.40219.1
Project("{FAE04EC0-301F-11D3-BF4B-00C04F79EFBC}") = "Kelompok23.Android", "Kelompok23\Kelompok23.Android\Kelompok23.Android.csproj", "{6DE009CD-19A6-4AFE-91D7-B89B9A729312}"
EndProject
Project("{FAE04EC0-301F-11D3-BF4B-00C04F79EFBC}") = "Kelompok23.iOS", "Kelompok23\Kelompok23.iOS\Kelompok23.iOS.csproj", "{8AD67EFE-1D0A-4EFE-B1C4-6459203B0AF6}"
EndProject
Project("{FAE04EC0-301F-11D3-BF4B-00C04F79EFBC}") = "Kelompok23.UWP", "Kelompok23\Kelompok23.UWP\Kelompok23.UWP.csproj", "{5961FA09-FBB9-43C4-BFE1-3F2757E34235}"
EndProject
Project("{FAE04EC0-301F-11D3-BF4B-00C04F79EFBC}") = "Kelompok23", "Kelompok23\Kelompok23\Kelompok23.csproj", "{F9CFC643-E0F5-4821-B5D8-F6ACEA21C1FF}"
EndProject
Global
	GlobalSection(SolutionConfigurationPlatforms) = preSolution
		Ad-Hoc|Any CPU = Ad-Hoc|Any CPU
		Ad-Hoc|ARM = Ad-Hoc|ARM
		Ad-Hoc|iPhone = Ad-Hoc|iPhone
		Ad-Hoc|iPhoneSimulator = Ad-Hoc|iPhoneSimulator
		Ad-Hoc|x64 = Ad-Hoc|x64
		Ad-Hoc|x86 = Ad-Hoc|x86
		AppStore|Any CPU = AppStore|Any CPU
		AppStore|ARM = AppStore|ARM
		AppStore|iPhone = AppStore|iPhone
		AppStore|iPhoneSimulator = AppStore|iPhoneSimulator
		AppStore|x64 = AppStore|x64
		AppStore|x86 = AppStore|x86
		Debug|Any CPU = Debug|Any CPU
		Debug|ARM = Debug|ARM
		Debug|iPhone = Debug|iPhone
		Debug|iPhoneSimulator = Debug|iPhoneSimulator
		Debug|x64 = Debug|x64
		Debug|x86 = Debug|x86
		Release|Any CPU = Release|Any CPU
		Release|ARM = Release|ARM
		Release|iPhone = Release|iPhone
		Release|iPhoneSimulator = Release|iPhoneSimulator
		Release|x64 = Release|x64
		Release|x86 = Release|x86
	EndGlobalSection
	GlobalSection(ProjectConfigurationPlatforms) = postSolution
		{6DE009CD-19A6-4AFE-91D7-B89B9A729312}.Ad-Hoc|Any CPU.ActiveCfg = Release|Any CPU
		{6DE009CD-19A6-4AFE-91D7-B89B9A729312}.Ad-Hoc|Any CPU.Build.0 = Release|Any CPU
		{6DE009CD-19A6-4AFE-91D7-B89B9A729312}.Ad-Hoc|Any CPU.Deploy.0 = Release|Any CPU
		{6DE009CD-19A6-4AFE-91D7-B89B9A729312}.Ad-Hoc|ARM.ActiveCfg = Release|Any CPU
		{6DE009CD-19A6-4AFE-91D7-B89B9A729312}.Ad-Hoc|ARM.Build.0 = Release|Any CPU
		{6DE009CD-19A6-4AFE-91D7-B89B9A729312}.Ad-Hoc|ARM.Deploy.0 = Release|Any CPU
		{6DE009CD-19A6-4AFE-91D7-B89B9A729312}.Ad-Hoc|iPhone.ActiveCfg = Release|Any CPU
		{6DE009CD-19A6-4AFE-91D7-B89B9A729312}.Ad-Hoc|iPhone.Build.0 = Release|Any CPU
		{6DE009CD-19A6-4AFE-91D7-B89B9A729312}.Ad-Hoc|iPhone.Deploy.0 = Release|Any CPU
		{6DE009CD-19A6-4AFE-91D7-B89B9A729312}.Ad-Hoc|iPhoneSimulator.ActiveCfg = Release|Any CPU
		{6DE009CD-19A6-4AFE-91D7-B89B9A729312}.Ad-Hoc|iPhoneSimulator.Build.0 = Release|Any CPU
		{6DE009CD-19A6-4AFE-91D7-B89B9A729312}.Ad-Hoc|iPhoneSimulator.Deploy.0 = Release|Any CPU
		{6DE009CD-19A6-4AFE-91D7-B89B9A729312}.Ad-Hoc|x64.ActiveCfg = Release|Any CPU
		{6DE009CD-19A6-4AFE-91D7-B89B9A729312}.Ad-Hoc|x64.Build.0 = Release|Any CPU
		{6DE009CD-19A6-4AFE-91D7-B89B9A729312}.Ad-Hoc|x64.Deploy.0 = Release|Any CPU
		{6DE009CD-19A6-4AFE-91D7-B89B9A729312}.Ad-Hoc|x86.ActiveCfg = Release|Any CPU
		{6DE009CD-19A6-4AFE-91D7-B89B9A729312}.Ad-Hoc|x86.Build.0 = Release|Any CPU
		{6DE009CD-19A6-4AFE-91D7-B89B9A729312}.Ad-Hoc|x86.Deploy.0 = Release|Any CPU
		{6DE009CD-19A6-4AFE-91D7-B89B9A729312}.AppStore|Any CPU.ActiveCfg = Release|Any CPU
		{6DE009CD-19A6-4AFE-91D7-B89B9A729312}.AppStore|Any CPU.Build.0 = Release|Any CPU
		{6DE009CD-19A6-4AFE-91D7-B89B9A729312}.AppStore|Any CPU.Deploy.0 = Release|Any CPU
		{6DE009CD-19A6-4AFE-91D7-B89B9A729312}.AppStore|ARM.ActiveCfg = Release|Any CPU
		{6DE009CD-19A6-4AFE-91D7-B89B9A729312}.AppStore|ARM.Build.0 = Release|Any CPU
		{6DE009CD-19A6-4AFE-91D7-B89B9A729312}.AppStore|ARM.Deploy.0 = Release|Any CPU
		{6DE009CD-19A6-4AFE-91D7-B89B9A729312}.AppStore|iPhone.ActiveCfg = Release|Any CPU
		{6DE009CD-19A6-4AFE-91D7-B89B9A729312}.AppStore|iPhone.Build.0 = Release|Any CPU
		{6DE009CD-19A6-4AFE-91D7-B89B9A729312}.AppStore|iPhone.Deploy.0 = Release|Any CPU
		{6DE009CD-19A6-4AFE-91D7-B89B9A729312}.AppStore|iPhoneSimulator.ActiveCfg = Release|Any CPU
		{6DE009CD-19A6-4AFE-91D7-B89B9A729312}.AppStore|iPhoneSimulator.Build.0 = Release|Any CPU
		{6DE009CD-19A6-4AFE-91D7-B89B9A729312}.AppStore|iPhoneSimulator.Deploy.0 = Release|Any CPU
		{6DE009CD-19A6-4AFE-91D7-B89B9A729312}.AppStore|x64.ActiveCfg = Release|Any CPU
		{6DE009CD-19A6-4AFE-91D7-B89B9A729312}.AppStore|x64.Build.0 = Release|Any CPU
		{6DE009CD-19A6-4AFE-91D7-B89B9A729312}.AppStore|x64.Deploy.0 = Release|Any CPU
		{6DE009CD-19A6-4AFE-91D7-B89B9A729312}.AppStore|x86.ActiveCfg = Release|Any CPU
		{6DE009CD-19A6-4AFE-91D7-B89B9A729312}.AppStore|x86.Build.0 = Release|Any CPU
		{6DE009CD-19A6-4AFE-91D7-B89B9A729312}.AppStore|x86.Deploy.0 = Release|Any CPU
		{6DE009CD-19A6-4AFE-91D7-B89B9A729312}.Debug|Any CPU.ActiveCfg = Debug|Any CPU
		{6DE009CD-19A6-4AFE-91D7-B89B9A729312}.Debug|Any CPU.Build.0 = Debug|Any CPU
		{6DE009CD-19A6-4AFE-91D7-B89B9A729312}.Debug|Any CPU.Deploy.0 = Debug|Any CPU
		{6DE009CD-19A6-4AFE-91D7-B89B9A729312}.Debug|ARM.ActiveCfg = Debug|Any CPU
		{6DE009CD-19A6-4AFE-91D7-B89B9A729312}.Debug|ARM.Build.0 = Debug|Any CPU
		{6DE009CD-19A6-4AFE-91D7-B89B9A729312}.Debug|ARM.Deploy.0 = Debug|Any CPU
		{6DE009CD-19A6-4AFE-91D7-B89B9A729312}.Debug|iPhone.ActiveCfg = Debug|Any CPU
		{6DE009CD-19A6-4AFE-91D7-B89B9A729312}.Debug|iPhone.Build.0 = Debug|Any CPU
		{6DE009CD-19A6-4AFE-91D7-B89B9A729312}.Debug|iPhone.Deploy.0 = Debug|Any CPU
		{6DE009CD-19A6-4AFE-91D7-B89B9A729312}.Debug|iPhoneSimulator.ActiveCfg = Debug|Any CPU
		{6DE009CD-19A6-4AFE-91D7-B89B9A729312}.Debug|iPhoneSimulator.Build.0 = Debug|Any CPU
		{6DE009CD-19A6-4AFE-91D7-B89B9A729312}.Debug|iPhoneSimulator.Deploy.0 = Debug|Any CPU
		{6DE009CD-19A6-4AFE-91D7-B89B9A729312}.Debug|x64.ActiveCfg = Debug|Any CPU
		{6DE009CD-19A6-4AFE-91D7-B89B9A729312}.Debug|x64.Build.0 = Debug|Any CPU
		{6DE009CD-19A6-4AFE-91D7-B89B9A729312}.Debug|x64.Deploy.0 = Debug|Any CPU
		{6DE009CD-19A6-4AFE-91D7-B89B9A729312}.Debug|x86.ActiveCfg = Debug|Any CPU
		{6DE009CD-19A6-4AFE-91D7-B89B9A729312}.Debug|x86.Build.0 = Debug|Any CPU
		{6DE009CD-19A6-4AFE-91D7-B89B9A729312}.Debug|x86.Deploy.0 = Debug|Any CPU
		{6DE009CD-19A6-4AFE-91D7-B89B9A729312}.Release|Any CPU.ActiveCfg = Release|Any CPU
		{6DE009CD-19A6-4AFE-91D7-B89B9A729312}.Release|Any CPU.Build.0 = Release|Any CPU
		{6DE009CD-19A6-4AFE-91D7-B89B9A729312}.Release|Any CPU.Deploy.0 = Release|Any CPU
		{6DE009CD-19A6-4AFE-91D7-B89B9A729312}.Release|ARM.ActiveCfg = Release|Any CPU
		{6DE009CD-19A6-4AFE-91D7-B89B9A729312}.Release|ARM.Build.0 = Release|Any CPU
		{6DE009CD-19A6-4AFE-91D7-B89B9A729312}.Release|ARM.Deploy.0 = Release|Any CPU
		{6DE009CD-19A6-4AFE-91D7-B89B9A729312}.Release|iPhone.ActiveCfg = Release|Any CPU
		{6DE009CD-19A6-4AFE-91D7-B89B9A729312}.Release|iPhone.Build.0 = Release|Any CPU
		{6DE009CD-19A6-4AFE-91D7-B89B9A729312}.Release|iPhone.Deploy.0 = Release|Any CPU
		{6DE009CD-19A6-4AFE-91D7-B89B9A729312}.Release|iPhoneSimulator.ActiveCfg = Release|Any CPU
		{6DE009CD-19A6-4AFE-91D7-B89B9A729312}.Release|iPhoneSimulator.Build.0 = Release|Any CPU
		{6DE009CD-19A6-4AFE-91D7-B89B9A729312}.Release|iPhoneSimulator.Deploy.0 = Release|Any CPU
		{6DE009CD-19A6-4AFE-91D7-B89B9A729312}.Release|x64.ActiveCfg = Release|Any CPU
		{6DE009CD-19A6-4AFE-91D7-B89B9A729312}.Release|x64.Build.0 = Release|Any CPU
		{6DE009CD-19A6-4AFE-91D7-B89B9A729312}.Release|x64.Deploy.0 = Release|Any CPU
		{6DE009CD-19A6-4AFE-91D7-B89B9A729312}.Release|x86.ActiveCfg = Release|Any CPU
		{6DE009CD-19A6-4AFE-91D7-B89B9A729312}.Release|x86.Build.0 = Release|Any CPU
		{6DE009CD-19A6-4AFE-91D7-B89B9A729312}.Release|x86.Deploy.0 = Release|Any CPU
		{8AD67EFE-1D0A-4EFE-B1C4-6459203B0AF6}.Ad-Hoc|Any CPU.ActiveCfg = Ad-Hoc|iPhone
		{8AD67EFE-1D0A-4EFE-B1C4-6459203B0AF6}.Ad-Hoc|Any CPU.Build.0 = Ad-Hoc|iPhone
		{8AD67EFE-1D0A-4EFE-B1C4-6459203B0AF6}.Ad-Hoc|Any CPU.Deploy.0 = Ad-Hoc|iPhone
		{8AD67EFE-1D0A-4EFE-B1C4-6459203B0AF6}.Ad-Hoc|ARM.ActiveCfg = Ad-Hoc|iPhone
		{8AD67EFE-1D0A-4EFE-B1C4-6459203B0AF6}.Ad-Hoc|ARM.Build.0 = Ad-Hoc|iPhone
		{8AD67EFE-1D0A-4EFE-B1C4-6459203B0AF6}.Ad-Hoc|ARM.Deploy.0 = Ad-Hoc|iPhone
		{8AD67EFE-1D0A-4EFE-B1C4-6459203B0AF6}.Ad-Hoc|iPhone.ActiveCfg = Ad-Hoc|iPhone
		{8AD67EFE-1D0A-4EFE-B1C4-6459203B0AF6}.Ad-Hoc|iPhone.Build.0 = Ad-Hoc|iPhone
		{8AD67EFE-1D0A-4EFE-B1C4-6459203B0AF6}.Ad-Hoc|iPhone.Deploy.0 = Ad-Hoc|iPhone
		{8AD67EFE-1D0A-4EFE-B1C4-6459203B0AF6}.Ad-Hoc|iPhoneSimulator.ActiveCfg = Ad-Hoc|iPhoneSimulator
		{8AD67EFE-1D0A-4EFE-B1C4-6459203B0AF6}.Ad-Hoc|iPhoneSimulator.Build.0 = Ad-Hoc|iPhoneSimulator
		{8AD67EFE-1D0A-4EFE-B1C4-6459203B0AF6}.Ad-Hoc|iPhoneSimulator.Deploy.0 = Ad-Hoc|iPhoneSimulator
		{8AD67EFE-1D0A-4EFE-B1C4-6459203B0AF6}.Ad-Hoc|x64.ActiveCfg = Ad-Hoc|iPhone
		{8AD67EFE-1D0A-4EFE-B1C4-6459203B0AF6}.Ad-Hoc|x64.Build.0 = Ad-Hoc|iPhone
		{8AD67EFE-1D0A-4EFE-B1C4-6459203B0AF6}.Ad-Hoc|x64.Deploy.0 = Ad-Hoc|iPhone
		{8AD67EFE-1D0A-4EFE-B1C4-6459203B0AF6}.Ad-Hoc|x86.ActiveCfg = Ad-Hoc|iPhone
		{8AD67EFE-1D0A-4EFE-B1C4-6459203B0AF6}.Ad-Hoc|x86.Build.0 = Ad-Hoc|iPhone
		{8AD67EFE-1D0A-4EFE-B1C4-6459203B0AF6}.Ad-Hoc|x86.Deploy.0 = Ad-Hoc|iPhone
		{8AD67EFE-1D0A-4EFE-B1C4-6459203B0AF6}.AppStore|Any CPU.ActiveCfg = AppStore|iPhone
		{8AD67EFE-1D0A-4EFE-B1C4-6459203B0AF6}.AppStore|Any CPU.Build.0 = AppStore|iPhone
		{8AD67EFE-1D0A-4EFE-B1C4-6459203B0AF6}.AppStore|Any CPU.Deploy.0 = AppStore|iPhone
		{8AD67EFE-1D0A-4EFE-B1C4-6459203B0AF6}.AppStore|ARM.ActiveCfg = AppStore|iPhone
		{8AD67EFE-1D0A-4EFE-B1C4-6459203B0AF6}.AppStore|ARM.Build.0 = AppStore|iPhone
		{8AD67EFE-1D0A-4EFE-B1C4-6459203B0AF6}.AppStore|ARM.Deploy.0 = AppStore|iPhone
		{8AD67EFE-1D0A-4EFE-B1C4-6459203B0AF6}.AppStore|iPhone.ActiveCfg = AppStore|iPhone
		{8AD67EFE-1D0A-4EFE-B1C4-6459203B0AF6}.AppStore|iPhone.Build.0 = AppStore|iPhone
		{8AD67EFE-1D0A-4EFE-B1C4-6459203B0AF6}.AppStore|iPhone.Deploy.0 = AppStore|iPhone
		{8AD67EFE-1D0A-4EFE-B1C4-6459203B0AF6}.AppStore|iPhoneSimulator.ActiveCfg = AppStore|iPhoneSimulator
		{8AD67EFE-1D0A-4EFE-B1C4-6459203B0AF6}.AppStore|iPhoneSimulator.Build.0 = AppStore|iPhoneSimulator
		{8AD67EFE-1D0A-4EFE-B1C4-6459203B0AF6}.AppStore|iPhoneSimulator.Deploy.0 = AppStore|iPhoneSimulator
		{8AD67EFE-1D0A-4EFE-B1C4-6459203B0AF6}.AppStore|x64.ActiveCfg = AppStore|iPhone
		{8AD67EFE-1D0A-4EFE-B1C4-6459203B0AF6}.AppStore|x64.Build.0 = AppStore|iPhone
		{8AD67EFE-1D0A-4EFE-B1C4-6459203B0AF6}.AppStore|x64.Deploy.0 = AppStore|iPhone
		{8AD67EFE-1D0A-4EFE-B1C4-6459203B0AF6}.AppStore|x86.ActiveCfg = AppStore|iPhone
		{8AD67EFE-1D0A-4EFE-B1C4-6459203B0AF6}.AppStore|x86.Build.0 = AppStore|iPhone
		{8AD67EFE-1D0A-4EFE-B1C4-6459203B0AF6}.AppStore|x86.Deploy.0 = AppStore|iPhone
		{8AD67EFE-1D0A-4EFE-B1C4-6459203B0AF6}.Debug|Any CPU.ActiveCfg = Debug|iPhoneSimulator
		{8AD67EFE-1D0A-4EFE-B1C4-6459203B0AF6}.Debug|Any CPU.Build.0 = Debug|iPhoneSimulator
		{8AD67EFE-1D0A-4EFE-B1C4-6459203B0AF6}.Debug|Any CPU.Deploy.0 = Debug|iPhoneSimulator
		{8AD67EFE-1D0A-4EFE-B1C4-6459203B0AF6}.Debug|ARM.ActiveCfg = Debug|iPhone
		{8AD67EFE-1D0A-4EFE-B1C4-6459203B0AF6}.Debug|ARM.Build.0 = Debug|iPhone
		{8AD67EFE-1D0A-4EFE-B1C4-6459203B0AF6}.Debug|ARM.Deploy.0 = Debug|iPhone
		{8AD67EFE-1D0A-4EFE-B1C4-6459203B0AF6}.Debug|iPhone.ActiveCfg = Debug|iPhone
		{8AD67EFE-1D0A-4EFE-B1C4-6459203B0AF6}.Debug|iPhone.Build.0 = Debug|iPhone
		{8AD67EFE-1D0A-4EFE-B1C4-6459203B0AF6}.Debug|iPhone.Deploy.0 = Debug|iPhone
		{8AD67EFE-1D0A-4EFE-B1C4-6459203B0AF6}.Debug|iPhoneSimulator.ActiveCfg = Debug|iPhoneSimulator
		{8AD67EFE-1D0A-4EFE-B1C4-6459203B0AF6}.Debug|iPhoneSimulator.Build.0 = Debug|iPhoneSimulator
		{8AD67EFE-1D0A-4EFE-B1C4-6459203B0AF6}.Debug|iPhoneSimulator.Deploy.0 = Debug|iPhoneSimulator
		{8AD67EFE-1D0A-4EFE-B1C4-6459203B0AF6}.Debug|x64.ActiveCfg = Debug|iPhone
		{8AD67EFE-1D0A-4EFE-B1C4-6459203B0AF6}.Debug|x64.Build.0 = Debug|iPhone
		{8AD67EFE-1D0A-4EFE-B1C4-6459203B0AF6}.Debug|x64.Deploy.0 = Debug|iPhone
		{8AD67EFE-1D0A-4EFE-B1C4-6459203B0AF6}.Debug|x86.ActiveCfg = Debug|iPhone
		{8AD67EFE-1D0A-4EFE-B1C4-6459203B0AF6}.Debug|x86.Build.0 = Debug|iPhone
		{8AD67EFE-1D0A-4EFE-B1C4-6459203B0AF6}.Debug|x86.Deploy.0 = Debug|iPhone
		{8AD67EFE-1D0A-4EFE-B1C4-6459203B0AF6}.Release|Any CPU.ActiveCfg = Release|iPhone
		{8AD67EFE-1D0A-4EFE-B1C4-6459203B0AF6}.Release|Any CPU.Build.0 = Release|iPhone
		{8AD67EFE-1D0A-4EFE-B1C4-6459203B0AF6}.Release|Any CPU.Deploy.0 = Release|iPhone
		{8AD67EFE-1D0A-4EFE-B1C4-6459203B0AF6}.Release|ARM.ActiveCfg = Release|iPhone
		{8AD67EFE-1D0A-4EFE-B1C4-6459203B0AF6}.Release|ARM.Build.0 = Release|iPhone
		{8AD67EFE-1D0A-4EFE-B1C4-6459203B0AF6}.Release|ARM.Deploy.0 = Release|iPhone
		{8AD67EFE-1D0A-4EFE-B1C4-6459203B0AF6}.Release|iPhone.ActiveCfg = Release|iPhone
		{8AD67EFE-1D0A-4EFE-B1C4-6459203B0AF6}.Release|iPhone.Build.0 = Release|iPhone
		{8AD67EFE-1D0A-4EFE-B1C4-6459203B0AF6}.Release|iPhone.Deploy.0 = Release|iPhone
		{8AD67EFE-1D0A-4EFE-B1C4-6459203B0AF6}.Release|iPhoneSimulator.ActiveCfg = Release|iPhoneSimulator
		{8AD67EFE-1D0A-4EFE-B1C4-6459203B0AF6}.Release|iPhoneSimulator.Build.0 = Release|iPhoneSimulator
		{8AD67EFE-1D0A-4EFE-B1C4-6459203B0AF6}.Release|iPhoneSimulator.Deploy.0 = Release|iPhoneSimulator
		{8AD67EFE-1D0A-4EFE-B1C4-6459203B0AF6}.Release|x64.ActiveCfg = Release|iPhone
		{8AD67EFE-1D0A-4EFE-B1C4-6459203B0AF6}.Release|x64.Build.0 = Release|iPhone
		{8AD67EFE-1D0A-4EFE-B1C4-6459203B0AF6}.Release|x64.Deploy.0 = Release|iPhone
		{8AD67EFE-1D0A-4EFE-B1C4-6459203B0AF6}.Release|x86.ActiveCfg = Release|iPhone
		{8AD67EFE-1D0A-4EFE-B1C4-6459203B0AF6}.Release|x86.Build.0 = Release|iPhone
		{8AD67EFE-1D0A-4EFE-B1C4-6459203B0AF6}.Release|x86.Deploy.0 = Release|iPhone
		{5961FA09-FBB9-43C4-BFE1-3F2757E34235}.Ad-Hoc|Any CPU.ActiveCfg = Release|x86
		{5961FA09-FBB9-43C4-BFE1-3F2757E34235}.Ad-Hoc|Any CPU.Build.0 = Release|x86
		{5961FA09-FBB9-43C4-BFE1-3F2757E34235}.Ad-Hoc|Any CPU.Deploy.0 = Release|x86
		{5961FA09-FBB9-43C4-BFE1-3F2757E34235}.Ad-Hoc|ARM.ActiveCfg = Release|ARM
		{5961FA09-FBB9-43C4-BFE1-3F2757E34235}.Ad-Hoc|ARM.Build.0 = Release|ARM
		{5961FA09-FBB9-43C4-BFE1-3F2757E34235}.Ad-Hoc|ARM.Deploy.0 = Release|ARM
		{5961FA09-FBB9-43C4-BFE1-3F2757E34235}.Ad-Hoc|iPhone.ActiveCfg = Release|x86
		{5961FA09-FBB9-43C4-BFE1-3F2757E34235}.Ad-Hoc|iPhone.Build.0 = Release|x86
		{5961FA09-FBB9-43C4-BFE1-3F2757E34235}.Ad-Hoc|iPhone.Deploy.0 = Release|x86
		{5961FA09-FBB9-43C4-BFE1-3F2757E34235}.Ad-Hoc|iPhoneSimulator.ActiveCfg = Release|x86
		{5961FA09-FBB9-43C4-BFE1-3F2757E34235}.Ad-Hoc|iPhoneSimulator.Build.0 = Release|x86
		{5961FA09-FBB9-43C4-BFE1-3F2757E34235}.Ad-Hoc|iPhoneSimulator.Deploy.0 = Release|x86
		{5961FA09-FBB9-43C4-BFE1-3F2757E34235}.Ad-Hoc|x64.ActiveCfg = Release|x64
		{5961FA09-FBB9-43C4-BFE1-3F2757E34235}.Ad-Hoc|x64.Build.0 = Release|x64
		{5961FA09-FBB9-43C4-BFE1-3F2757E34235}.Ad-Hoc|x64.Deploy.0 = Release|x64
		{5961FA09-FBB9-43C4-BFE1-3F2757E34235}.Ad-Hoc|x86.ActiveCfg = Release|x86
		{5961FA09-FBB9-43C4-BFE1-3F2757E34235}.Ad-Hoc|x86.Build.0 = Release|x86
		{5961FA09-FBB9-43C4-BFE1-3F2757E34235}.Ad-Hoc|x86.Deploy.0 = Release|x86
		{5961FA09-FBB9-43C4-BFE1-3F2757E34235}.AppStore|Any CPU.ActiveCfg = Release|x86
		{5961FA09-FBB9-43C4-BFE1-3F2757E34235}.AppStore|Any CPU.Build.0 = Release|x86
		{5961FA09-FBB9-43C4-BFE1-3F2757E34235}.AppStore|Any CPU.Deploy.0 = Release|x86
		{5961FA09-FBB9-43C4-BFE1-3F2757E34235}.AppStore|ARM.ActiveCfg = Release|ARM
		{5961FA09-FBB9-43C4-BFE1-3F2757E34235}.AppStore|ARM.Build.0 = Release|ARM
		{5961FA09-FBB9-43C4-BFE1-3F2757E34235}.AppStore|ARM.Deploy.0 = Release|ARM
		{5961FA09-FBB9-43C4-BFE1-3F2757E34235}.AppStore|iPhone.ActiveCfg = Release|x86
		{5961FA09-FBB9-43C4-BFE1-3F2757E34235}.AppStore|iPhone.Build.0 = Release|x86
		{5961FA09-FBB9-43C4-BFE1-3F2757E34235}.AppStore|iPhone.Deploy.0 = Release|x86
		{5961FA09-FBB9-43C4-BFE1-3F2757E34235}.AppStore|iPhoneSimulator.ActiveCfg = Release|x86
		{5961FA09-FBB9-43C4-BFE1-3F2757E34235}.AppStore|iPhoneSimulator.Build.0 = Release|x86
		{5961FA09-FBB9-43C4-BFE1-3F2757E34235}.AppStore|iPhoneSimulator.Deploy.0 = Release|x86
		{5961FA09-FBB9-43C4-BFE1-3F2757E34235}.AppStore|x64.ActiveCfg = Release|x64
		{5961FA09-FBB9-43C4-BFE1-3F2757E34235}.AppStore|x64.Build.0 = Release|x64
		{5961FA09-FBB9-43C4-BFE1-3F2757E34235}.AppStore|x64.Deploy.0 = Release|x64
		{5961FA09-FBB9-43C4-BFE1-3F2757E34235}.AppStore|x86.ActiveCfg = Release|x86
		{5961FA09-FBB9-43C4-BFE1-3F2757E34235}.AppStore|x86.Build.0 = Release|x86
		{5961FA09-FBB9-43C4-BFE1-3F2757E34235}.AppStore|x86.Deploy.0 = Release|x86
		{5961FA09-FBB9-43C4-BFE1-3F2757E34235}.Debug|Any CPU.ActiveCfg = Debug|x86
		{5961FA09-FBB9-43C4-BFE1-3F2757E34235}.Debug|Any CPU.Build.0 = Debug|x86
		{5961FA09-FBB9-43C4-BFE1-3F2757E34235}.Debug|Any CPU.Deploy.0 = Debug|x86
		{5961FA09-FBB9-43C4-BFE1-3F2757E34235}.Debug|ARM.ActiveCfg = Debug|ARM
		{5961FA09-FBB9-43C4-BFE1-3F2757E34235}.Debug|ARM.Build.0 = Debug|ARM
		{5961FA09-FBB9-43C4-BFE1-3F2757E34235}.Debug|ARM.Deploy.0 = Debug|ARM
		{5961FA09-FBB9-43C4-BFE1-3F2757E34235}.Debug|iPhone.ActiveCfg = Debug|x86
		{5961FA09-FBB9-43C4-BFE1-3F2757E34235}.Debug|iPhone.Build.0 = Debug|x86
		{5961FA09-FBB9-43C4-BFE1-3F2757E34235}.Debug|iPhone.Deploy.0 = Debug|x86
		{5961FA09-FBB9-43C4-BFE1-3F2757E34235}.Debug|iPhoneSimulator.ActiveCfg = Debug|x86
		{5961FA09-FBB9-43C4-BFE1-3F2757E34235}.Debug|iPhoneSimulator.Build.0 = Debug|x86
		{5961FA09-FBB9-43C4-BFE1-3F2757E34235}.Debug|iPhoneSimulator.Deploy.0 = Debug|x86
		{5961FA09-FBB9-43C4-BFE1-3F2757E34235}.Debug|x64.ActiveCfg = Debug|x64
		{5961FA09-FBB9-43C4-BFE1-3F2757E34235}.Debug|x64.Build.0 = Debug|x64
		{5961FA09-FBB9-43C4-BFE1-3F2757E34235}.Debug|x64.Deploy.0 = Debug|x64
		{5961FA09-FBB9-43C4-BFE1-3F2757E34235}.Debug|x86.ActiveCfg = Debug|x86
		{5961FA09-FBB9-43C4-BFE1-3F2757E34235}.Debug|x86.Build.0 = Debug|x86
		{5961FA09-FBB9-43C4-BFE1-3F2757E34235}.Debug|x86.Deploy.0 = Debug|x86
		{5961FA09-FBB9-43C4-BFE1-3F2757E34235}.Release|Any CPU.ActiveCfg = Release|x86
		{5961FA09-FBB9-43C4-BFE1-3F2757E34235}.Release|Any CPU.Build.0 = Release|x86
		{5961FA09-FBB9-43C4-BFE1-3F2757E34235}.Release|Any CPU.Deploy.0 = Release|x86
		{5961FA09-FBB9-43C4-BFE1-3F2757E34235}.Release|ARM.ActiveCfg = Release|ARM
		{5961FA09-FBB9-43C4-BFE1-3F2757E34235}.Release|ARM.Build.0 = Release|ARM
		{5961FA09-FBB9-43C4-BFE1-3F2757E34235}.Release|ARM.Deploy.0 = Release|ARM
		{5961FA09-FBB9-43C4-BFE1-3F2757E34235}.Release|iPhone.ActiveCfg = Release|x86
		{5961FA09-FBB9-43C4-BFE1-3F2757E34235}.Release|iPhone.Build.0 = Release|x86
		{5961FA09-FBB9-43C4-BFE1-3F2757E34235}.Release|iPhone.Deploy.0 = Release|x86
		{5961FA09-FBB9-43C4-BFE1-3F2757E34235}.Release|iPhoneSimulator.ActiveCfg = Release|x86
		{5961FA09-FBB9-43C4-BFE1-3F2757E34235}.Release|iPhoneSimulator.Build.0 = Release|x86
		{5961FA09-FBB9-43C4-BFE1-3F2757E34235}.Release|iPhoneSimulator.Deploy.0 = Release|x86
		{5961FA09-FBB9-43C4-BFE1-3F2757E34235}.Release|x64.ActiveCfg = Release|x64
		{5961FA09-FBB9-43C4-BFE1-3F2757E34235}.Release|x64.Build.0 = Release|x64
		{5961FA09-FBB9-43C4-BFE1-3F2757E34235}.Release|x64.Deploy.0 = Release|x64
		{5961FA09-FBB9-43C4-BFE1-3F2757E34235}.Release|x86.ActiveCfg = Release|x86
		{5961FA09-FBB9-43C4-BFE1-3F2757E34235}.Release|x86.Build.0 = Release|x86
		{5961FA09-FBB9-43C4-BFE1-3F2757E34235}.Release|x86.Deploy.0 = Release|x86
		{F9CFC643-E0F5-4821-B5D8-F6ACEA21C1FF}.Ad-Hoc|Any CPU.ActiveCfg = Debug|Any CPU
		{F9CFC643-E0F5-4821-B5D8-F6ACEA21C1FF}.Ad-Hoc|Any CPU.Build.0 = Debug|Any CPU
		{F9CFC643-E0F5-4821-B5D8-F6ACEA21C1FF}.Ad-Hoc|Any CPU.Deploy.0 = Debug|Any CPU
		{F9CFC643-E0F5-4821-B5D8-F6ACEA21C1FF}.Ad-Hoc|ARM.ActiveCfg = Debug|Any CPU
		{F9CFC643-E0F5-4821-B5D8-F6ACEA21C1FF}.Ad-Hoc|ARM.Build.0 = Debug|Any CPU
		{F9CFC643-E0F5-4821-B5D8-F6ACEA21C1FF}.Ad-Hoc|ARM.Deploy.0 = Debug|Any CPU
		{F9CFC643-E0F5-4821-B5D8-F6ACEA21C1FF}.Ad-Hoc|iPhone.ActiveCfg = Debug|Any CPU
		{F9CFC643-E0F5-4821-B5D8-F6ACEA21C1FF}.Ad-Hoc|iPhone.Build.0 = Debug|Any CPU
		{F9CFC643-E0F5-4821-B5D8-F6ACEA21C1FF}.Ad-Hoc|iPhone.Deploy.0 = Debug|Any CPU
		{F9CFC643-E0F5-4821-B5D8-F6ACEA21C1FF}.Ad-Hoc|iPhoneSimulator.ActiveCfg = Debug|Any CPU
		{F9CFC643-E0F5-4821-B5D8-F6ACEA21C1FF}.Ad-Hoc|iPhoneSimulator.Build.0 = Debug|Any CPU
		{F9CFC643-E0F5-4821-B5D8-F6ACEA21C1FF}.Ad-Hoc|iPhoneSimulator.Deploy.0 = Debug|Any CPU
		{F9CFC643-E0F5-4821-B5D8-F6ACEA21C1FF}.Ad-Hoc|x64.ActiveCfg = Debug|Any CPU
		{F9CFC643-E0F5-4821-B5D8-F6ACEA21C1FF}.Ad-Hoc|x64.Build.0 = Debug|Any CPU
		{F9CFC643-E0F5-4821-B5D8-F6ACEA21C1FF}.Ad-Hoc|x64.Deploy.0 = Debug|Any CPU
		{F9CFC643-E0F5-4821-B5D8-F6ACEA21C1FF}.Ad-Hoc|x86.ActiveCfg = Debug|Any CPU
		{F9CFC643-E0F5-4821-B5D8-F6ACEA21C1FF}.Ad-Hoc|x86.Build.0 = Debug|Any CPU
		{F9CFC643-E0F5-4821-B5D8-F6ACEA21C1FF}.Ad-Hoc|x86.Deploy.0 = Debug|Any CPU
		{F9CFC643-E0F5-4821-B5D8-F6ACEA21C1FF}.AppStore|Any CPU.ActiveCfg = Debug|Any CPU
		{F9CFC643-E0F5-4821-B5D8-F6ACEA21C1FF}.AppStore|Any CPU.Build.0 = Debug|Any CPU
		{F9CFC643-E0F5-4821-B5D8-F6ACEA21C1FF}.AppStore|Any CPU.Deploy.0 = Debug|Any CPU
		{F9CFC643-E0F5-4821-B5D8-F6ACEA21C1FF}.AppStore|ARM.ActiveCfg = Debug|Any CPU
		{F9CFC643-E0F5-4821-B5D8-F6ACEA21C1FF}.AppStore|ARM.Build.0 = Debug|Any CPU
		{F9CFC643-E0F5-4821-B5D8-F6ACEA21C1FF}.AppStore|ARM.Deploy.0 = Debug|Any CPU
		{F9CFC643-E0F5-4821-B5D8-F6ACEA21C1FF}.AppStore|iPhone.ActiveCfg = Debug|Any CPU
		{F9CFC643-E0F5-4821-B5D8-F6ACEA21C1FF}.AppStore|iPhone.Build.0 = Debug|Any CPU
		{F9CFC643-E0F5-4821-B5D8-F6ACEA21C1FF}.AppStore|iPhone.Deploy.0 = Debug|Any CPU
		{F9CFC643-E0F5-4821-B5D8-F6ACEA21C1FF}.AppStore|iPhoneSimulator.ActiveCfg = Debug|Any CPU
		{F9CFC643-E0F5-4821-B5D8-F6ACEA21C1FF}.AppStore|iPhoneSimulator.Build.0 = Debug|Any CPU
		{F9CFC643-E0F5-4821-B5D8-F6ACEA21C1FF}.AppStore|iPhoneSimulator.Deploy.0 = Debug|Any CPU
		{F9CFC643-E0F5-4821-B5D8-F6ACEA21C1FF}.AppStore|x64.ActiveCfg = Debug|Any CPU
		{F9CFC643-E0F5-4821-B5D8-F6ACEA21C1FF}.AppStore|x64.Build.0 = Debug|Any CPU
		{F9CFC643-E0F5-4821-B5D8-F6ACEA21C1FF}.AppStore|x64.Deploy.0 = Debug|Any CPU
		{F9CFC643-E0F5-4821-B5D8-F6ACEA21C1FF}.AppStore|x86.ActiveCfg = Debug|Any CPU
		{F9CFC643-E0F5-4821-B5D8-F6ACEA21C1FF}.AppStore|x86.Build.0 = Debug|Any CPU
		{F9CFC643-E0F5-4821-B5D8-F6ACEA21C1FF}.AppStore|x86.Deploy.0 = Debug|Any CPU
		{F9CFC643-E0F5-4821-B5D8-F6ACEA21C1FF}.Debug|Any CPU.ActiveCfg = Debug|Any CPU
		{F9CFC643-E0F5-4821-B5D8-F6ACEA21C1FF}.Debug|Any CPU.Build.0 = Debug|Any CPU
		{F9CFC643-E0F5-4821-B5D8-F6ACEA21C1FF}.Debug|Any CPU.Deploy.0 = Debug|Any CPU
		{F9CFC643-E0F5-4821-B5D8-F6ACEA21C1FF}.Debug|ARM.ActiveCfg = Debug|Any CPU
		{F9CFC643-E0F5-4821-B5D8-F6ACEA21C1FF}.Debug|ARM.Build.0 = Debug|Any CPU
		{F9CFC643-E0F5-4821-B5D8-F6ACEA21C1FF}.Debug|ARM.Deploy.0 = Debug|Any CPU
		{F9CFC643-E0F5-4821-B5D8-F6ACEA21C1FF}.Debug|iPhone.ActiveCfg = Debug|Any CPU
		{F9CFC643-E0F5-4821-B5D8-F6ACEA21C1FF}.Debug|iPhone.Build.0 = Debug|Any CPU
		{F9CFC643-E0F5-4821-B5D8-F6ACEA21C1FF}.Debug|iPhone.Deploy.0 = Debug|Any CPU
		{F9CFC643-E0F5-4821-B5D8-F6ACEA21C1FF}.Debug|iPhoneSimulator.ActiveCfg = Debug|Any CPU
		{F9CFC643-E0F5-4821-B5D8-F6ACEA21C1FF}.Debug|iPhoneSimulator.Build.0 = Debug|Any CPU
		{F9CFC643-E0F5-4821-B5D8-F6ACEA21C1FF}.Debug|iPhoneSimulator.Deploy.0 = Debug|Any CPU
		{F9CFC643-E0F5-4821-B5D8-F6ACEA21C1FF}.Debug|x64.ActiveCfg = Debug|Any CPU
		{F9CFC643-E0F5-4821-B5D8-F6ACEA21C1FF}.Debug|x64.Build.0 = Debug|Any CPU
		{F9CFC643-E0F5-4821-B5D8-F6ACEA21C1FF}.Debug|x64.Deploy.0 = Debug|Any CPU
		{F9CFC643-E0F5-4821-B5D8-F6ACEA21C1FF}.Debug|x86.ActiveCfg = Debug|Any CPU
		{F9CFC643-E0F5-4821-B5D8-F6ACEA21C1FF}.Debug|x86.Build.0 = Debug|Any CPU
		{F9CFC643-E0F5-4821-B5D8-F6ACEA21C1FF}.Debug|x86.Deploy.0 = Debug|Any CPU
		{F9CFC643-E0F5-4821-B5D8-F6ACEA21C1FF}.Release|Any CPU.ActiveCfg = Release|Any CPU
		{F9CFC643-E0F5-4821-B5D8-F6ACEA21C1FF}.Release|Any CPU.Build.0 = Release|Any CPU
		{F9CFC643-E0F5-4821-B5D8-F6ACEA21C1FF}.Release|Any CPU.Deploy.0 = Release|Any CPU
		{F9CFC643-E0F5-4821-B5D8-F6ACEA21C1FF}.Release|ARM.ActiveCfg = Release|Any CPU
		{F9CFC643-E0F5-4821-B5D8-F6ACEA21C1FF}.Release|ARM.Build.0 = Release|Any CPU
		{F9CFC643-E0F5-4821-B5D8-F6ACEA21C1FF}.Release|ARM.Deploy.0 = Release|Any CPU
		{F9CFC643-E0F5-4821-B5D8-F6ACEA21C1FF}.Release|iPhone.ActiveCfg = Release|Any CPU
		{F9CFC643-E0F5-4821-B5D8-F6ACEA21C1FF}.Release|iPhone.Build.0 = Release|Any CPU
		{F9CFC643-E0F5-4821-B5D8-F6ACEA21C1FF}.Release|iPhone.Deploy.0 = Release|Any CPU
		{F9CFC643-E0F5-4821-B5D8-F6ACEA21C1FF}.Release|iPhoneSimulator.ActiveCfg = Release|Any CPU
		{F9CFC643-E0F5-4821-B5D8-F6ACEA21C1FF}.Release|iPhoneSimulator.Build.0 = Release|Any CPU
		{F9CFC643-E0F5-4821-B5D8-F6ACEA21C1FF}.Release|iPhoneSimulator.Deploy.0 = Release|Any CPU
		{F9CFC643-E0F5-4821-B5D8-F6ACEA21C1FF}.Release|x64.ActiveCfg = Release|Any CPU
		{F9CFC643-E0F5-4821-B5D8-F6ACEA21C1FF}.Release|x64.Build.0 = Release|Any CPU
		{F9CFC643-E0F5-4821-B5D8-F6ACEA21C1FF}.Release|x64.Deploy.0 = Release|Any CPU
		{F9CFC643-E0F5-4821-B5D8-F6ACEA21C1FF}.Release|x86.ActiveCfg = Release|Any CPU
		{F9CFC643-E0F5-4821-B5D8-F6ACEA21C1FF}.Release|x86.Build.0 = Release|Any CPU
		{F9CFC643-E0F5-4821-B5D8-F6ACEA21C1FF}.Release|x86.Deploy.0 = Release|Any CPU
	EndGlobalSection
	GlobalSection(SolutionProperties) = preSolution
		HideSolutionNode = FALSE
	EndGlobalSection
	GlobalSection(ExtensibilityGlobals) = postSolution
		SolutionGuid = {ADAC69C7-E3F6-4860-AAC4-5AD50DD18E3C}
	EndGlobalSection
EndGlobal
